{
  "version": 4,
  "terraform_version": "1.5.6",
  "serial": 3,
  "lineage": "7e66dce5-267f-099f-619c-81df8606fbaa",
  "outputs": {},
  "resources": [
    {
      "mode": "managed",
      "type": "aws_instance",
      "name": "example",
      "provider": "provider[\"registry.terraform.io/hashicorp/aws\"]",
      "instances": [
        {
          "status": "tainted",
          "schema_version": 1,
          "attributes": {
            "ami": "ami-0a709bebf4fa9246f",
            "arn": "arn:aws:ec2:ap-southeast-2:243538460841:instance/i-03e8c6a75ca5285b1",
            "associate_public_ip_address": true,
            "availability_zone": "ap-southeast-2b",
            "capacity_reservation_specification": [
              {
                "capacity_reservation_preference": "open",
                "capacity_reservation_target": []
              }
            ],
            "cpu_core_count": 1,
            "cpu_options": [
              {
                "amd_sev_snp": "",
                "core_count": 1,
                "threads_per_core": 1
              }
            ],
            "cpu_threads_per_core": 1,
            "credit_specification": [
              {
                "cpu_credits": "standard"
              }
            ],
            "disable_api_stop": false,
            "disable_api_termination": false,
            "ebs_block_device": [],
            "ebs_optimized": false,
            "enclave_options": [
              {
                "enabled": false
              }
            ],
            "ephemeral_block_device": [],
            "get_password_data": false,
            "hibernation": false,
            "host_id": "",
            "host_resource_group_arn": null,
            "iam_instance_profile": "",
            "id": "i-03e8c6a75ca5285b1",
            "instance_initiated_shutdown_behavior": "stop",
            "instance_lifecycle": "",
            "instance_market_options": [],
            "instance_state": "running",
            "instance_type": "t2.micro",
            "ipv6_address_count": 0,
            "ipv6_addresses": [],
            "key_name": "mykey",
            "launch_template": [],
            "maintenance_options": [
              {
                "auto_recovery": "default"
              }
            ],
            "metadata_options": [
              {
                "http_endpoint": "enabled",
                "http_protocol_ipv6": "disabled",
                "http_put_response_hop_limit": 2,
                "http_tokens": "required",
                "instance_metadata_tags": "disabled"
              }
            ],
            "monitoring": false,
            "network_interface": [],
            "outpost_arn": "",
            "password_data": "",
            "placement_group": "",
            "placement_partition_number": 0,
            "primary_network_interface_id": "eni-0b82d9a01fa750c7b",
            "private_dns": "ip-172-31-0-7.ap-southeast-2.compute.internal",
            "private_dns_name_options": [
              {
                "enable_resource_name_dns_a_record": false,
                "enable_resource_name_dns_aaaa_record": false,
                "hostname_type": "ip-name"
              }
            ],
            "private_ip": "172.31.0.7",
            "public_dns": "ec2-54-79-128-228.ap-southeast-2.compute.amazonaws.com",
            "public_ip": "54.79.128.228",
            "root_block_device": [
              {
                "delete_on_termination": true,
                "device_name": "/dev/xvda",
                "encrypted": false,
                "iops": 3000,
                "kms_key_id": "",
                "tags": {},
                "throughput": 125,
                "volume_id": "vol-08285f32a57a43381",
                "volume_size": 8,
                "volume_type": "gp3"
              }
            ],
            "secondary_private_ips": [],
            "security_groups": [
              "default"
            ],
            "source_dest_check": true,
            "spot_instance_request_id": "",
            "subnet_id": "subnet-0ecf5e17c3968e6e5",
            "tags": null,
            "tags_all": {},
            "tenancy": "default",
            "timeouts": null,
            "user_data": null,
            "user_data_base64": null,
            "user_data_replace_on_change": false,
            "volume_tags": null,
            "vpc_security_group_ids": [
              "sg-0a13341d0008880e1"
            ]
          },
          "sensitive_attributes": [],
          "private": "eyJlMmJmYjczMC1lY2FhLTExZTYtOGY4OC0zNDM2M2JjN2M0YzAiOnsiY3JlYXRlIjo2MDAwMDAwMDAwMDAsImRlbGV0ZSI6MTIwMDAwMDAwMDAwMCwidXBkYXRlIjo2MDAwMDAwMDAwMDB9LCJzY2hlbWFfdmVyc2lvbiI6IjEifQ==",
          "dependencies": [
            "aws_key_pair.mykey"
          ]
        }
      ]
    },
    {
      "mode": "managed",
      "type": "aws_key_pair",
      "name": "mykey",
      "provider": "provider[\"registry.terraform.io/hashicorp/aws\"]",
      "instances": [
        {
          "schema_version": 1,
          "attributes": {
            "arn": "arn:aws:ec2:ap-southeast-2:243538460841:key-pair/mykey",
            "fingerprint": "27:0a:17:90:be:11:94:b8:70:e3:5d:73:e3:83:46:f1",
            "id": "mykey",
            "key_name": "mykey",
            "key_name_prefix": "",
            "key_pair_id": "key-0003ea8b7ef7f0ecb",
            "key_type": "rsa",
            "public_key": "ssh-rsa AAAAB3NzaC1yc2EAAAADAQABAAABgQDrTOr/7Pvnzh/qrFovSzHEw8sl5Z1l4xhuiqu0yvXceo2c6XzA4MIPuZAMe0zWiJoE0hQWIi6af0UVwwxqnplaQ1CNCpdvP6WX/3KaUmCJrMCxqPoIYNwjHRxEDihaZHELH1EgMgfj/2BO+icX5bYjojLisy8YF8efH2/e3+3XEHk9K2tZjJkX09NGSakRtQKiDgpW29KC9Q0FC3oa7YoFUuPMmOTJg0gjrue6s0C5R3BTPdeOkDiHF/l+Ac1EDFB/O/MUbwtpp1+JFzjpzXLED+F4XKk7MdounJSFykNUpEg3ZiN2o9LhwIx6TvoktgZaNUBdE6+lwWh2dVtspcZ4zyf/HJB7eFSJHlK5iVnTJdVbfOhRuqrqzDik5xV4ba6Yae3EWPeuN+6UG5so+OMcRFIp33+T7D007LvTwdp/GzFjWkb7YoTvp1zT0zHf3EG5ZCqDIrU7mhP0XLkpcdci0SwXFNURTaE8h25Zr3Rq2e50oSktTSKSSXSIWkRYxns= jrzvnn@jrzvnn",
            "tags": null,
            "tags_all": {}
          },
          "sensitive_attributes": [],
          "private": "eyJzY2hlbWFfdmVyc2lvbiI6IjEifQ=="
        }
      ]
    }
  ],
  "check_results": null
}
